# This file is autogenerated, do not edit; changes may be undone by the next 'dep ensure'.


[[projects]]
  digest = "1:29401894b0873ce84bca18ddb3d614300851999478cc2ce4de6fe473db4842b6"
  name = "github.com/aws/aws-lambda-go"
  packages = [
    "events",
    "lambda",
    "lambda/messages",
    "lambdacontext",
  ]
  pruneopts = ""
  revision = "4d30d0ff60440c2d0480a15747c96ee71c3c53d4"
  version = "v1.2.0"

[[projects]]
  digest = "1:8722889ad027febfced94665914d1e7be8f1b703d31f2ef9461c59e4d40fe974"
  name = "github.com/certifi/gocertifi"
  packages = ["."]
  pruneopts = ""
  revision = "deb3ae2ef2610fde3330947281941c562861188b"
  version = "2018.01.18"

[[projects]]
  branch = "master"
  digest = "1:92c1e8de853307765a902ee7b1b25ac7acf849f2b69215d9e974a911602eb15c"
  name = "github.com/getsentry/raven-go"
  packages = ["."]
  pruneopts = ""
  revision = "7535a8fa2ace0ffb684b19f28d00655459ea2dae"

[[projects]]
  branch = "master"
  digest = "1:6389346d812996a03b1d518b4455af9a0e0e1ca80ef5d7a6edc714d1fd71cdcc"
  name = "github.com/iotaledger/giota"
  packages = [
    ".",
    "cl",
  ]
  pruneopts = ""
  revision = "247cc43f1cd41fc4761eba285dc72dce945d7d99"

[[projects]]
  digest = "1:7365acd48986e205ccb8652cc746f09c8b7876030d53710ea6ef7d0bd0dcd7ca"
  name = "github.com/pkg/errors"
  packages = ["."]
  pruneopts = ""
  revision = "645ef00459ed84a119197bfb8d8205042c6df63d"
  version = "v0.8.0"

[[projects]]
  branch = "master"
  digest = "1:f72742a981c9d94ce7f298ba9f66a805db436af311652da8f796ba3c6c7d2fea"
  name = "github.com/tildeleb/hashland"
  packages = ["keccakpg"]
  pruneopts = ""
  revision = "07375b562deaa8d6891f9618a04e94a0b98e2ee7"

[solve-meta]
  analyzer-name = "dep"
  analyzer-version = 1
  input-imports = [
    "github.com/aws/aws-lambda-go/events",
    "github.com/aws/aws-lambda-go/lambda",
    "github.com/getsentry/raven-go",
    "github.com/iotaledger/giota",
  ]
  solver-name = "gps-cdcl"
  solver-version = 1
